
Microsoft Visual Studio Solution File, Format Version 12.00
# Visual Studio Version 17
VisualStudioVersion = 17.3.32922.545
MinimumVisualStudioVersion = 10.0.40219.1
Project("{FAE04EC0-301F-11D3-BF4B-00C04F79EFBC}") = "Incubation Project", "Incubation Project\Incubation Project.csproj", "{6CC15C3A-DF0F-458E-90AC-CEFAEA3191BF}"
EndProject
Project("{FAE04EC0-301F-11D3-BF4B-00C04F79EFBC}") = "Incubation.DAL", "Incubation.DAL\Incubation.DAL.csproj", "{8371F8E7-7EB9-4F6A-A96A-8E83A59A149A}"
EndProject
Project("{FAE04EC0-301F-11D3-BF4B-00C04F79EFBC}") = "Incubation.BLL", "Incubation.BLL\Incubation.BLL.csproj", "{01F12C9B-E76F-447A-84CA-ACC106529226}"
EndProject
Global
	GlobalSection(SolutionConfigurationPlatforms) = preSolution
		Debug|Any CPU = Debug|Any CPU
		Release|Any CPU = Release|Any CPU
	EndGlobalSection
	GlobalSection(ProjectConfigurationPlatforms) = postSolution
		{6CC15C3A-DF0F-458E-90AC-CEFAEA3191BF}.Debug|Any CPU.ActiveCfg = Debug|Any CPU
		{6CC15C3A-DF0F-458E-90AC-CEFAEA3191BF}.Debug|Any CPU.Build.0 = Debug|Any CPU
		{6CC15C3A-DF0F-458E-90AC-CEFAEA3191BF}.Release|Any CPU.ActiveCfg = Release|Any CPU
		{6CC15C3A-DF0F-458E-90AC-CEFAEA3191BF}.Release|Any CPU.Build.0 = Release|Any CPU
		{8371F8E7-7EB9-4F6A-A96A-8E83A59A149A}.Debug|Any CPU.ActiveCfg = Debug|Any CPU
		{8371F8E7-7EB9-4F6A-A96A-8E83A59A149A}.Debug|Any CPU.Build.0 = Debug|Any CPU
		{8371F8E7-7EB9-4F6A-A96A-8E83A59A149A}.Release|Any CPU.ActiveCfg = Release|Any CPU
		{8371F8E7-7EB9-4F6A-A96A-8E83A59A149A}.Release|Any CPU.Build.0 = Release|Any CPU
		{01F12C9B-E76F-447A-84CA-ACC106529226}.Debug|Any CPU.ActiveCfg = Debug|Any CPU
		{01F12C9B-E76F-447A-84CA-ACC106529226}.Debug|Any CPU.Build.0 = Debug|Any CPU
		{01F12C9B-E76F-447A-84CA-ACC106529226}.Release|Any CPU.ActiveCfg = Release|Any CPU
		{01F12C9B-E76F-447A-84CA-ACC106529226}.Release|Any CPU.Build.0 = Release|Any CPU
	EndGlobalSection
	GlobalSection(SolutionProperties) = preSolution
		HideSolutionNode = FALSE
	EndGlobalSection
	GlobalSection(ExtensibilityGlobals) = postSolution
		SolutionGuid = {52445A48-1ADD-44C8-89A9-A7DF1F5F5E0C}
	EndGlobalSection
EndGlobal
